
Microsoft Visual Studio Solution File, Format Version 12.00
# Visual Studio Version 17
VisualStudioVersion = 17.2.32616.157
MinimumVisualStudioVersion = 10.0.40219.1
Project("{FAE04EC0-301F-11D3-BF4B-00C04F79EFBC}") = "Restaurant03.03", "Restaurant03.03\Restaurant03.03.csproj", "{BE646321-2A55-410E-B154-17310F2FA081}"
EndProject
Global
	GlobalSection(SolutionConfigurationPlatforms) = preSolution
		Debug|Any CPU = Debug|Any CPU
		Release|Any CPU = Release|Any CPU
	EndGlobalSection
	GlobalSection(ProjectConfigurationPlatforms) = postSolution
		{BE646321-2A55-410E-B154-17310F2FA081}.Debug|Any CPU.ActiveCfg = Debug|Any CPU
		{BE646321-2A55-410E-B154-17310F2FA081}.Debug|Any CPU.Build.0 = Debug|Any CPU
		{BE646321-2A55-410E-B154-17310F2FA081}.Release|Any CPU.ActiveCfg = Release|Any CPU
		{BE646321-2A55-410E-B154-17310F2FA081}.Release|Any CPU.Build.0 = Release|Any CPU
	EndGlobalSection
	GlobalSection(SolutionProperties) = preSolution
		HideSolutionNode = FALSE
	EndGlobalSection
	GlobalSection(ExtensibilityGlobals) = postSolution
		SolutionGuid = {8A3DAC4F-6C78-4287-A880-C4CD28768044}
	EndGlobalSection
EndGlobal
